
Microsoft Visual Studio Solution File, Format Version 11.00
# Visual Studio 2010
Project("{FAE04EC0-301F-11D3-BF4B-00C04F79EFBC}") = "mul_login", "mul_login\mul_login.csproj", "{293B9993-751D-470C-AE01-0727E6702D3D}"
EndProject
Global
	GlobalSection(SolutionConfigurationPlatforms) = preSolution
		Debug|x86 = Debug|x86
		Release|x86 = Release|x86
	EndGlobalSection
	GlobalSection(ProjectConfigurationPlatforms) = postSolution
		{293B9993-751D-470C-AE01-0727E6702D3D}.Debug|x86.ActiveCfg = Debug|x86
		{293B9993-751D-470C-AE01-0727E6702D3D}.Debug|x86.Build.0 = Debug|x86
		{293B9993-751D-470C-AE01-0727E6702D3D}.Release|x86.ActiveCfg = Release|x86
		{293B9993-751D-470C-AE01-0727E6702D3D}.Release|x86.Build.0 = Release|x86
	EndGlobalSection
	GlobalSection(SolutionProperties) = preSolution
		HideSolutionNode = FALSE
	EndGlobalSection
EndGlobal
